
Microsoft Visual Studio Solution File, Format Version 12.00
# Visual Studio Version 17
VisualStudioVersion = 17.7.34031.279
MinimumVisualStudioVersion = 10.0.40219.1
Project("{9A19103F-16F7-4668-BE54-9A1E7A4F7556}") = "bookDemo", "bookDemo.csproj", "{0FE308FB-3191-4DA6-B83A-6FE8758720AA}"
EndProject
Global
	GlobalSection(SolutionConfigurationPlatforms) = preSolution
		Debug|Any CPU = Debug|Any CPU
		Release|Any CPU = Release|Any CPU
	EndGlobalSection
	GlobalSection(ProjectConfigurationPlatforms) = postSolution
		{0FE308FB-3191-4DA6-B83A-6FE8758720AA}.Debug|Any CPU.ActiveCfg = Debug|Any CPU
		{0FE308FB-3191-4DA6-B83A-6FE8758720AA}.Debug|Any CPU.Build.0 = Debug|Any CPU
		{0FE308FB-3191-4DA6-B83A-6FE8758720AA}.Release|Any CPU.ActiveCfg = Release|Any CPU
		{0FE308FB-3191-4DA6-B83A-6FE8758720AA}.Release|Any CPU.Build.0 = Release|Any CPU
	EndGlobalSection
	GlobalSection(SolutionProperties) = preSolution
		HideSolutionNode = FALSE
	EndGlobalSection
	GlobalSection(ExtensibilityGlobals) = postSolution
		SolutionGuid = {84E6A99B-C123-4DDF-9262-523332E3AF14}
	EndGlobalSection
EndGlobal
